
Microsoft Visual Studio Solution File, Format Version 12.00
# Visual Studio Version 16
VisualStudioVersion = 25.0.1706.9
MinimumVisualStudioVersion = 10.0.40219.1
Project("{FAE04EC0-301F-11D3-BF4B-00C04F79EFBC}") = "CounterClass", "CounterClass.csproj", "{09D5A4B4-742F-4105-B479-F20A0504B5FF}"
EndProject
Global
	GlobalSection(SolutionConfigurationPlatforms) = preSolution
		Debug|Any CPU = Debug|Any CPU
		Release|Any CPU = Release|Any CPU
	EndGlobalSection
	GlobalSection(ProjectConfigurationPlatforms) = postSolution
		{09D5A4B4-742F-4105-B479-F20A0504B5FF}.Debug|Any CPU.ActiveCfg = Debug|Any CPU
		{09D5A4B4-742F-4105-B479-F20A0504B5FF}.Debug|Any CPU.Build.0 = Debug|Any CPU
		{09D5A4B4-742F-4105-B479-F20A0504B5FF}.Release|Any CPU.ActiveCfg = Release|Any CPU
		{09D5A4B4-742F-4105-B479-F20A0504B5FF}.Release|Any CPU.Build.0 = Release|Any CPU
	EndGlobalSection
	GlobalSection(SolutionProperties) = preSolution
		HideSolutionNode = FALSE
	EndGlobalSection
	GlobalSection(ExtensibilityGlobals) = postSolution
		SolutionGuid = {E9DDBB8E-51E3-4F47-8CCC-7BA41829856B}
	EndGlobalSection
EndGlobal
